// !$*UTF8*$!
{
	archiveVersion = 1;
	classes = {
	};
	objectVersion = 50;
	objects = {

/* Begin PBXBuildFile section */
		2AF3C2AE20F8DCB200ED5DAC /* AppDelegate.swift in Sources */ = {isa = PBXBuildFile; fileRef = 2AF3C2AD20F8DCB200ED5DAC /* AppDelegate.swift */; };
		2AF3C2B020F8DCB200ED5DAC /* ViewController.swift in Sources */ = {isa = PBXBuildFile; fileRef = 2AF3C2AF20F8DCB200ED5DAC /* ViewController.swift */; };
		2AF3C2B320F8DCB200ED5DAC /* Main.storyboard in Resources */ = {isa = PBXBuildFile; fileRef = 2AF3C2B120F8DCB200ED5DAC /* Main.storyboard */; };
		2AF3C2B520F8DCB600ED5DAC /* Assets.xcassets in Resources */ = {isa = PBXBuildFile; fileRef = 2AF3C2B420F8DCB600ED5DAC /* Assets.xcassets */; };
		2AF3C2B820F8DCB600ED5DAC /* LaunchScreen.storyboard in Resources */ = {isa = PBXBuildFile; fileRef = 2AF3C2B620F8DCB600ED5DAC /* LaunchScreen.storyboard */; };
		2AF3C2C320F8DCB600ED5DAC /* FacebookLikeBtnTests.swift in Sources */ = {isa = PBXBuildFile; fileRef = 2AF3C2C220F8DCB600ED5DAC /* FacebookLikeBtnTests.swift */; };
		2AF3C2CE20F8DCB600ED5DAC /* FacebookLikeBtnUITests.swift in Sources */ = {isa = PBXBuildFile; fileRef = 2AF3C2CD20F8DCB600ED5DAC /* FacebookLikeBtnUITests.swift */; };
/* End PBXBuildFile section */

/* Begin PBXContainerItemProxy section */
		2AF3C2BF20F8DCB600ED5DAC /* PBXContainerItemProxy */ = {
			isa = PBXContainerItemProxy;
			containerPortal = 2AF3C2A220F8DCB200ED5DAC /* Project object */;
			proxyType = 1;
			remoteGlobalIDString = 2AF3C2A920F8DCB200ED5DAC;
			remoteInfo = FacebookLikeBtn;
		};
		2AF3C2CA20F8DCB600ED5DAC /* PBXContainerItemProxy */ = {
			isa = PBXContainerItemProxy;
			containerPortal = 2AF3C2A220F8DCB200ED5DAC /* Project object */;
			proxyType = 1;
			remoteGlobalIDString = 2AF3C2A920F8DCB200ED5DAC;
			remoteInfo = FacebookLikeBtn;
		};
/* End PBXContainerItemProxy section */

/* Begin PBXFileReference section */
		2AF3C2AA20F8DCB200ED5DAC /* FacebookLikeBtn.app */ = {isa = PBXFileReference; explicitFileType = wrapper.application; includeInIndex = 0; path = FacebookLikeBtn.app; sourceTree = BUILT_PRODUCTS_DIR; };
		2AF3C2AD20F8DCB200ED5DAC /* AppDelegate.swift */ = {isa = PBXFileReference; lastKnownFileType = sourcecode.swift; path = AppDelegate.swift; sourceTree = "<group>"; };
		2AF3C2AF20F8DCB200ED5DAC /* ViewController.swift */ = {isa = PBXFileReference; lastKnownFileType = sourcecode.swift; path = ViewController.swift; sourceTree = "<group>"; };
		2AF3C2B220F8DCB200ED5DAC /* Base */ = {isa = PBXFileReference; lastKnownFileType = file.storyboard; name = Base; path = Base.lproj/Main.storyboard; sourceTree = "<group>"; };
		2AF3C2B420F8DCB600ED5DAC /* Assets.xcassets */ = {isa = PBXFileReference; lastKnownFileType = folder.assetcatalog; path = Assets.xcassets; sourceTree = "<group>"; };
		2AF3C2B720F8DCB600ED5DAC /* Base */ = {isa = PBXFileReference; lastKnownFileType = file.storyboard; name = Base; path = Base.lproj/LaunchScreen.storyboard; sourceTree = "<group>"; };
		2AF3C2B920F8DCB600ED5DAC /* Info.plist */ = {isa = PBXFileReference; lastKnownFileType = text.plist.xml; path = Info.plist; sourceTree = "<group>"; };
		2AF3C2BE20F8DCB600ED5DAC /* FacebookLikeBtnTests.xctest */ = {isa = PBXFileReference; explicitFileType = wrapper.cfbundle; includeInIndex = 0; path = FacebookLikeBtnTests.xctest; sourceTree = BUILT_PRODUCTS_DIR; };
		2AF3C2C220F8DCB600ED5DAC /* FacebookLikeBtnTests.swift */ = {isa = PBXFileReference; lastKnownFileType = sourcecode.swift; path = FacebookLikeBtnTests.swift; sourceTree = "<group>"; };
		2AF3C2C420F8DCB600ED5DAC /* Info.plist */ = {isa = PBXFileReference; lastKnownFileType = text.plist.xml; path = Info.plist; sourceTree = "<group>"; };
		2AF3C2C920F8DCB600ED5DAC /* FacebookLikeBtnUITests.xctest */ = {isa = PBXFileReference; explicitFileType = wrapper.cfbundle; includeInIndex = 0; path = FacebookLikeBtnUITests.xctest; sourceTree = BUILT_PRODUCTS_DIR; };
		2AF3C2CD20F8DCB600ED5DAC /* FacebookLikeBtnUITests.swift */ = {isa = PBXFileReference; lastKnownFileType = sourcecode.swift; path = FacebookLikeBtnUITests.swift; sourceTree = "<group>"; };
		2AF3C2CF20F8DCB600ED5DAC /* Info.plist */ = {isa = PBXFileReference; lastKnownFileType = text.plist.xml; path = Info.plist; sourceTree = "<group>"; };
/* End PBXFileReference section */

/* Begin PBXFrameworksBuildPhase section */
		2AF3C2A720F8DCB200ED5DAC /* Frameworks */ = {
			isa = PBXFrameworksBuildPhase;
			buildActionMask = 2147483647;
			files = (
			);
			runOnlyForDeploymentPostprocessing = 0;
		};
		2AF3C2BB20F8DCB600ED5DAC /* Frameworks */ = {
			isa = PBXFrameworksBuildPhase;
			buildActionMask = 2147483647;
			files = (
			);
			runOnlyForDeploymentPostprocessing = 0;
		};
		2AF3C2C620F8DCB600ED5DAC /* Frameworks */ = {
			isa = PBXFrameworksBuildPhase;
			buildActionMask = 2147483647;
			files = (
			);
			runOnlyForDeploymentPostprocessing = 0;
		};
/* End PBXFrameworksBuildPhase section */

/* Begin PBXGroup section */
		2AF3C2A120F8DCB200ED5DAC = {
			isa = PBXGroup;
			children = (
				2AF3C2AC20F8DCB200ED5DAC /* FacebookLikeBtn */,
				2AF3C2C120F8DCB600ED5DAC /* FacebookLikeBtnTests */,
				2AF3C2CC20F8DCB600ED5DAC /* FacebookLikeBtnUITests */,
				2AF3C2AB20F8DCB200ED5DAC /* Products */,
			);
			sourceTree = "<group>";
		};
		2AF3C2AB20F8DCB200ED5DAC /* Products */ = {
			isa = PBXGroup;
			children = (
				2AF3C2AA20F8DCB200ED5DAC /* FacebookLikeBtn.app */,
				2AF3C2BE20F8DCB600ED5DAC /* FacebookLikeBtnTests.xctest */,
				2AF3C2C920F8DCB600ED5DAC /* FacebookLikeBtnUITests.xctest */,
			);
			name = Products;
			sourceTree = "<group>";
		};
		2AF3C2AC20F8DCB200ED5DAC /* FacebookLikeBtn */ = {
			isa = PBXGroup;
			children = (
				2AF3C2AD20F8DCB200ED5DAC /* AppDelegate.swift */,
				2AF3C2AF20F8DCB200ED5DAC /* ViewController.swift */,
				2AF3C2B120F8DCB200ED5DAC /* Main.storyboard */,
				2AF3C2B420F8DCB600ED5DAC /* Assets.xcassets */,
				2AF3C2B620F8DCB600ED5DAC /* LaunchScreen.storyboard */,
				2AF3C2B920F8DCB600ED5DAC /* Info.plist */,
			);
			path = FacebookLikeBtn;
			sourceTree = "<group>";
		};
		2AF3C2C120F8DCB600ED5DAC /* FacebookLikeBtnTests */ = {
			isa = PBXGroup;
			children = (
				2AF3C2C220F8DCB600ED5DAC /* FacebookLikeBtnTests.swift */,
				2AF3C2C420F8DCB600ED5DAC /* Info.plist */,
			);
			path = FacebookLikeBtnTests;
			sourceTree = "<group>";
		};
		2AF3C2CC20F8DCB600ED5DAC /* FacebookLikeBtnUITests */ = {
			isa = PBXGroup;
			children = (
				2AF3C2CD20F8DCB600ED5DAC /* FacebookLikeBtnUITests.swift */,
				2AF3C2CF20F8DCB600ED5DAC /* Info.plist */,
			);
			path = FacebookLikeBtnUITests;
			sourceTree = "<group>";
		};
/* End PBXGroup section */

/* Begin PBXNativeTarget section */
		2AF3C2A920F8DCB200ED5DAC /* FacebookLikeBtn */ = {
			isa = PBXNativeTarget;
			buildConfigurationList = 2AF3C2D220F8DCB600ED5DAC /* Build configuration list for PBXNativeTarget "FacebookLikeBtn" */;
			buildPhases = (
				2AF3C2A620F8DCB200ED5DAC /* Sources */,
				2AF3C2A720F8DCB200ED5DAC /* Frameworks */,
				2AF3C2A820F8DCB200ED5DAC /* Resources */,
			);
			buildRules = (
			);
			dependencies = (
			);
			name = FacebookLikeBtn;
			productName = FacebookLikeBtn;
			productReference = 2AF3C2AA20F8DCB200ED5DAC /* FacebookLikeBtn.app */;
			productType = "com.apple.product-type.application";
		};
		2AF3C2BD20F8DCB600ED5DAC /* FacebookLikeBtnTests */ = {
			isa = PBXNativeTarget;
			buildConfigurationList = 2AF3C2D520F8DCB600ED5DAC /* Build configuration list for PBXNativeTarget "FacebookLikeBtnTests" */;
			buildPhases = (
				2AF3C2BA20F8DCB600ED5DAC /* Sources */,
				2AF3C2BB20F8DCB600ED5DAC /* Frameworks */,
				2AF3C2BC20F8DCB600ED5DAC /* Resources */,
			);
			buildRules = (
			);
			dependencies = (
				2AF3C2C020F8DCB600ED5DAC /* PBXTargetDependency */,
			);
			name = FacebookLikeBtnTests;
			productName = FacebookLikeBtnTests;
			productReference = 2AF3C2BE20F8DCB600ED5DAC /* FacebookLikeBtnTests.xctest */;
			productType = "com.apple.product-type.bundle.unit-test";
		};
		2AF3C2C820F8DCB600ED5DAC /* FacebookLikeBtnUITests */ = {
			isa = PBXNativeTarget;
			buildConfigurationList = 2AF3C2D820F8DCB600ED5DAC /* Build configuration list for PBXNativeTarget "FacebookLikeBtnUITests" */;
			buildPhases = (
				2AF3C2C520F8DCB600ED5DAC /* Sources */,
				2AF3C2C620F8DCB600ED5DAC /* Frameworks */,
				2AF3C2C720F8DCB600ED5DAC /* Resources */,
			);
			buildRules = (
			);
			dependencies = (
				2AF3C2CB20F8DCB600ED5DAC /* PBXTargetDependency */,
			);
			name = FacebookLikeBtnUITests;
			productName = FacebookLikeBtnUITests;
			productReference = 2AF3C2C920F8DCB600ED5DAC /* FacebookLikeBtnUITests.xctest */;
			productType = "com.apple.product-type.bundle.ui-testing";
		};
/* End PBXNativeTarget section */

/* Begin PBXProject section */
		2AF3C2A220F8DCB200ED5DAC /* Project object */ = {
			isa = PBXProject;
			attributes = {
				LastSwiftUpdateCheck = 0930;
				LastUpgradeCheck = 0930;
				ORGANIZATIONNAME = "mahmoud gamal";
				TargetAttributes = {
					2AF3C2A920F8DCB200ED5DAC = {
						CreatedOnToolsVersion = 9.3;
					};
					2AF3C2BD20F8DCB600ED5DAC = {
						CreatedOnToolsVersion = 9.3;
						TestTargetID = 2AF3C2A920F8DCB200ED5DAC;
					};
					2AF3C2C820F8DCB600ED5DAC = {
						CreatedOnToolsVersion = 9.3;
						TestTargetID = 2AF3C2A920F8DCB200ED5DAC;
					};
				};
			};
			buildConfigurationList = 2AF3C2A520F8DCB200ED5DAC /* Build configuration list for PBXProject "FacebookLikeBtn" */;
			compatibilityVersion = "Xcode 9.3";
			developmentRegion = en;
			hasScannedForEncodings = 0;
			knownRegions = (
				en,
				Base,
			);
			mainGroup = 2AF3C2A120F8DCB200ED5DAC;
			productRefGroup = 2AF3C2AB20F8DCB200ED5DAC /* Products */;
			projectDirPath = "";
			projectRoot = "";
			targets = (
				2AF3C2A920F8DCB200ED5DAC /* FacebookLikeBtn */,
				2AF3C2BD20F8DCB600ED5DAC /* FacebookLikeBtnTests */,
				2AF3C2C820F8DCB600ED5DAC /* FacebookLikeBtnUITests */,
			);
		};
/* End PBXProject section */

/* Begin PBXResourcesBuildPhase section */
		2AF3C2A820F8DCB200ED5DAC /* Resources */ = {
			isa = PBXResourcesBuildPhase;
			buildActionMask = 2147483647;
			files = (
				2AF3C2B820F8DCB600ED5DAC /* LaunchScreen.storyboard in Resources */,
				2AF3C2B520F8DCB600ED5DAC /* Assets.xcassets in Resources */,
				2AF3C2B320F8DCB200ED5DAC /* Main.storyboard in Resources */,
			);
			runOnlyForDeploymentPostprocessing = 0;
		};
		2AF3C2BC20F8DCB600ED5DAC /* Resources */ = {
			isa = PBXResourcesBuildPhase;
			buildActionMask = 2147483647;
			files = (
			);
			runOnlyForDeploymentPostprocessing = 0;
		};
		2AF3C2C720F8DCB600ED5DAC /* Resources */ = {
			isa = PBXResourcesBuildPhase;
			buildActionMask = 2147483647;
			files = (
			);
			runOnlyForDeploymentPostprocessing = 0;
		};
/* End PBXResourcesBuildPhase section */

/* Begin PBXSourcesBuildPhase section */
		2AF3C2A620F8DCB200ED5DAC /* Sources */ = {
			isa = PBXSourcesBuildPhase;
			buildActionMask = 2147483647;
			files = (
				2AF3C2B020F8DCB200ED5DAC /* ViewController.swift in Sources */,
				2AF3C2AE20F8DCB200ED5DAC /* AppDelegate.swift in Sources */,
			);
			runOnlyForDeploymentPostprocessing = 0;
		};
		2AF3C2BA20F8DCB600ED5DAC /* Sources */ = {
			isa = PBXSourcesBuildPhase;
			buildActionMask = 2147483647;
			files = (
				2AF3C2C320F8DCB600ED5DAC /* FacebookLikeBtnTests.swift in Sources */,
			);
			runOnlyForDeploymentPostprocessing = 0;
		};
		2AF3C2C520F8DCB600ED5DAC /* Sources */ = {
			isa = PBXSourcesBuildPhase;
			buildActionMask = 2147483647;
			files = (
				2AF3C2CE20F8DCB600ED5DAC /* FacebookLikeBtnUITests.swift in Sources */,
			);
			runOnlyForDeploymentPostprocessing = 0;
		};
/* End PBXSourcesBuildPhase section */

/* Begin PBXTargetDependency section */
		2AF3C2C020F8DCB600ED5DAC /* PBXTargetDependency */ = {
			isa = PBXTargetDependency;
			target = 2AF3C2A920F8DCB200ED5DAC /* FacebookLikeBtn */;
			targetProxy = 2AF3C2BF20F8DCB600ED5DAC /* PBXContainerItemProxy */;
		};
		2AF3C2CB20F8DCB600ED5DAC /* PBXTargetDependency */ = {
			isa = PBXTargetDependency;
			target = 2AF3C2A920F8DCB200ED5DAC /* FacebookLikeBtn */;
			targetProxy = 2AF3C2CA20F8DCB600ED5DAC /* PBXContainerItemProxy */;
		};
/* End PBXTargetDependency section */

/* Begin PBXVariantGroup section */
		2AF3C2B120F8DCB200ED5DAC /* Main.storyboard */ = {
			isa = PBXVariantGroup;
			children = (
				2AF3C2B220F8DCB200ED5DAC /* Base */,
			);
			name = Main.storyboard;
			sourceTree = "<group>";
		};
		2AF3C2B620F8DCB600ED5DAC /* LaunchScreen.storyboard */ = {
			isa = PBXVariantGroup;
			children = (
				2AF3C2B720F8DCB600ED5DAC /* Base */,
			);
			name = LaunchScreen.storyboard;
			sourceTree = "<group>";
		};
/* End PBXVariantGroup section */

/* Begin XCBuildConfiguration section */
		2AF3C2D020F8DCB600ED5DAC /* Debug */ = {
			isa = XCBuildConfiguration;
			buildSettings = {
				ALWAYS_SEARCH_USER_PATHS = NO;
				CLANG_ANALYZER_NONNULL = YES;
				CLANG_ANALYZER_NUMBER_OBJECT_CONVERSION = YES_AGGRESSIVE;
				CLANG_CXX_LANGUAGE_STANDARD = "gnu++14";
				CLANG_CXX_LIBRARY = "libc++";
				CLANG_ENABLE_MODULES = YES;
				CLANG_ENABLE_OBJC_ARC = YES;
				CLANG_ENABLE_OBJC_WEAK = YES;
				CLANG_WARN_BLOCK_CAPTURE_AUTORELEASING = YES;
				CLANG_WARN_BOOL_CONVERSION = YES;
				CLANG_WARN_COMMA = YES;
				CLANG_WARN_CONSTANT_CONVERSION = YES;
				CLANG_WARN_DEPRECATED_OBJC_IMPLEMENTATIONS = YES;
				CLANG_WARN_DIRECT_OBJC_ISA_USAGE = YES_ERROR;
				CLANG_WARN_DOCUMENTATION_COMMENTS = YES;
				CLANG_WARN_EMPTY_BODY = YES;
				CLANG_WARN_ENUM_CONVERSION = YES;
				CLANG_WARN_INFINITE_RECURSION = YES;
				CLANG_WARN_INT_CONVERSION = YES;
				CLANG_WARN_NON_LITERAL_NULL_CONVERSION = YES;
				CLANG_WARN_OBJC_IMPLICIT_RETAIN_SELF = YES;
				CLANG_WARN_OBJC_LITERAL_CONVERSION = YES;
				CLANG_WARN_OBJC_ROOT_CLASS = YES_ERROR;
				CLANG_WARN_RANGE_LOOP_ANALYSIS = YES;
				CLANG_WARN_STRICT_PROTOTYPES = YES;
				CLANG_WARN_SUSPICIOUS_MOVE = YES;
				CLANG_WARN_UNGUARDED_AVAILABILITY = YES_AGGRESSIVE;
				CLANG_WARN_UNREACHABLE_CODE = YES;
				CLANG_WARN__DUPLICATE_METHOD_MATCH = YES;
				CODE_SIGN_IDENTITY = "iPhone Developer";
				COPY_PHASE_STRIP = NO;
				DEBUG_INFORMATION_FORMAT = dwarf;
				ENABLE_STRICT_OBJC_MSGSEND = YES;
				ENABLE_TESTABILITY = YES;
				GCC_C_LANGUAGE_STANDARD = gnu11;
				GCC_DYNAMIC_NO_PIC = NO;
				GCC_NO_COMMON_BLOCKS = YES;
				GCC_OPTIMIZATION_LEVEL = 0;
				GCC_PREPROCESSOR_DEFINITIONS = (
					"DEBUG=1",
					"$(inherited)",
				);
				GCC_WARN_64_TO_32_BIT_CONVERSION = YES;
				GCC_WARN_ABOUT_RETURN_TYPE = YES_ERROR;
				GCC_WARN_UNDECLARED_SELECTOR = YES;
				GCC_WARN_UNINITIALIZED_AUTOS = YES_AGGRESSIVE;
				GCC_WARN_UNUSED_FUNCTION = YES;
				GCC_WARN_UNUSED_VARIABLE = YES;
				IPHONEOS_DEPLOYMENT_TARGET = 11.3;
				MTL_ENABLE_DEBUG_INFO = YES;
				ONLY_ACTIVE_ARCH = YES;
				SDKROOT = iphoneos;
				SWIFT_ACTIVE_COMPILATION_CONDITIONS = DEBUG;
				SWIFT_OPTIMIZATION_LEVEL = "-Onone";
			};
			name = Debug;
		};
		2AF3C2D120F8DCB600ED5DAC /* Release */ = {
			isa = XCBuildConfiguration;
			buildSettings = {
				ALWAYS_SEARCH_USER_PATHS = NO;
				CLANG_ANALYZER_NONNULL = YES;
				CLANG_ANALYZER_NUMBER_OBJECT_CONVERSION = YES_AGGRESSIVE;
				CLANG_CXX_LANGUAGE_STANDARD = "gnu++14";
				CLANG_CXX_LIBRARY = "libc++";
				CLANG_ENABLE_MODULES = YES;
				CLANG_ENABLE_OBJC_ARC = YES;
				CLANG_ENABLE_OBJC_WEAK = YES;
				CLANG_WARN_BLOCK_CAPTURE_AUTORELEASING = YES;
				CLANG_WARN_BOOL_CONVERSION = YES;
				CLANG_WARN_COMMA = YES;
				CLANG_WARN_CONSTANT_CONVERSION = YES;
				CLANG_WARN_DEPRECATED_OBJC_IMPLEMENTATIONS = YES;
				CLANG_WARN_DIRECT_OBJC_ISA_USAGE = YES_ERROR;
				CLANG_WARN_DOCUMENTATION_COMMENTS = YES;
				CLANG_WARN_EMPTY_BODY = YES;
				CLANG_WARN_ENUM_CONVERSION = YES;
				CLANG_WARN_INFINITE_RECURSION = YES;
				CLANG_WARN_INT_CONVERSION = YES;
				CLANG_WARN_NON_LITERAL_NULL_CONVERSION = YES;
				CLANG_WARN_OBJC_IMPLICIT_RETAIN_SELF = YES;
				CLANG_WARN_OBJC_LITERAL_CONVERSION = YES;
				CLANG_WARN_OBJC_ROOT_CLASS = YES_ERROR;
				CLANG_WARN_RANGE_LOOP_ANALYSIS = YES;
				CLANG_WARN_STRICT_PROTOTYPES = YES;
				CLANG_WARN_SUSPICIOUS_MOVE = YES;
				CLANG_WARN_UNGUARDED_AVAILABILITY = YES_AGGRESSIVE;
				CLANG_WARN_UNREACHABLE_CODE = YES;
				CLANG_WARN__DUPLICATE_METHOD_MATCH = YES;
				CODE_SIGN_IDENTITY = "iPhone Developer";
				COPY_PHASE_STRIP = NO;
				DEBUG_INFORMATION_FORMAT = "dwarf-with-dsym";
				ENABLE_NS_ASSERTIONS = NO;
				ENABLE_STRICT_OBJC_MSGSEND = YES;
				GCC_C_LANGUAGE_STANDARD = gnu11;
				GCC_NO_COMMON_BLOCKS = YES;
				GCC_WARN_64_TO_32_BIT_CONVERSION = YES;
				GCC_WARN_ABOUT_RETURN_TYPE = YES_ERROR;
				GCC_WARN_UNDECLARED_SELECTOR = YES;
				GCC_WARN_UNINITIALIZED_AUTOS = YES_AGGRESSIVE;
				GCC_WARN_UNUSED_FUNCTION = YES;
				GCC_WARN_UNUSED_VARIABLE = YES;
				IPHONEOS_DEPLOYMENT_TARGET = 11.3;
				MTL_ENABLE_DEBUG_INFO = NO;
				SDKROOT = iphoneos;
				SWIFT_COMPILATION_MODE = wholemodule;
				SWIFT_OPTIMIZATION_LEVEL = "-O";
				VALIDATE_PRODUCT = YES;
			};
			name = Release;
		};
		2AF3C2D320F8DCB600ED5DAC /* Debug */ = {
			isa = XCBuildConfiguration;
			buildSettings = {
				ASSETCATALOG_COMPILER_APPICON_NAME = AppIcon;
				CODE_SIGN_STYLE = Automatic;
				INFOPLIST_FILE = FacebookLikeBtn/Info.plist;
				LD_RUNPATH_SEARCH_PATHS = (
					"$(inherited)",
					"@executable_path/Frameworks",
				);
				PRODUCT_BUNDLE_IDENTIFIER = com.fotta.FacebookLikeBtn;
				PRODUCT_NAME = "$(TARGET_NAME)";
				SWIFT_VERSION = 4.0;
				TARGETED_DEVICE_FAMILY = "1,2";
			};
			name = Debug;
		};
		2AF3C2D420F8DCB600ED5DAC /* Release */ = {
			isa = XCBuildConfiguration;
			buildSettings = {
				ASSETCATALOG_COMPILER_APPICON_NAME = AppIcon;
				CODE_SIGN_STYLE = Automatic;
				INFOPLIST_FILE = FacebookLikeBtn/Info.plist;
				LD_RUNPATH_SEARCH_PATHS = (
					"$(inherited)",
					"@executable_path/Frameworks",
				);
				PRODUCT_BUNDLE_IDENTIFIER = com.fotta.FacebookLikeBtn;
				PRODUCT_NAME = "$(TARGET_NAME)";
				SWIFT_VERSION = 4.0;
				TARGETED_DEVICE_FAMILY = "1,2";
			};
			name = Release;
		};
		2AF3C2D620F8DCB600ED5DAC /* Debug */ = {
			isa = XCBuildConfiguration;
			buildSettings = {
				ALWAYS_EMBED_SWIFT_STANDARD_LIBRARIES = YES;
				BUNDLE_LOADER = "$(TEST_HOST)";
				CODE_SIGN_STYLE = Automatic;
				INFOPLIST_FILE = FacebookLikeBtnTests/Info.plist;
				LD_RUNPATH_SEARCH_PATHS = (
					"$(inherited)",
					"@executable_path/Frameworks",
					"@loader_path/Frameworks",
				);
				PRODUCT_BUNDLE_IDENTIFIER = com.fotta.FacebookLikeBtnTests;
				PRODUCT_NAME = "$(TARGET_NAME)";
				SWIFT_VERSION = 4.0;
				TARGETED_DEVICE_FAMILY = "1,2";
				TEST_HOST = "$(BUILT_PRODUCTS_DIR)/FacebookLikeBtn.app/FacebookLikeBtn";
			};
			name = Debug;
		};
		2AF3C2D720F8DCB600ED5DAC /* Release */ = {
			isa = XCBuildConfiguration;
			buildSettings = {
				ALWAYS_EMBED_SWIFT_STANDARD_LIBRARIES = YES;
				BUNDLE_LOADER = "$(TEST_HOST)";
				CODE_SIGN_STYLE = Automatic;
				INFOPLIST_FILE = FacebookLikeBtnTests/Info.plist;
				LD_RUNPATH_SEARCH_PATHS = (
					"$(inherited)",
					"@executable_path/Frameworks",
					"@loader_path/Frameworks",
				);
				PRODUCT_BUNDLE_IDENTIFIER = com.fotta.FacebookLikeBtnTests;
				PRODUCT_NAME = "$(TARGET_NAME)";
				SWIFT_VERSION = 4.0;
				TARGETED_DEVICE_FAMILY = "1,2";
				TEST_HOST = "$(BUILT_PRODUCTS_DIR)/FacebookLikeBtn.app/FacebookLikeBtn";
			};
			name = Release;
		};
		2AF3C2D920F8DCB600ED5DAC /* Debug */ = {
			isa = XCBuildConfiguration;
			buildSettings = {
				ALWAYS_EMBED_SWIFT_STANDARD_LIBRARIES = YES;
				CODE_SIGN_STYLE = Automatic;
				INFOPLIST_FILE = FacebookLikeBtnUITests/Info.plist;
				LD_RUNPATH_SEARCH_PATHS = (
					"$(inherited)",
					"@executable_path/Frameworks",
					"@loader_path/Frameworks",
				);
				PRODUCT_BUNDLE_IDENTIFIER = com.fotta.FacebookLikeBtnUITests;
				PRODUCT_NAME = "$(TARGET_NAME)";
				SWIFT_VERSION = 4.0;
				TARGETED_DEVICE_FAMILY = "1,2";
				TEST_TARGET_NAME = FacebookLikeBtn;
			};
			name = Debug;
		};
		2AF3C2DA20F8DCB600ED5DAC /* Release */ = {
			isa = XCBuildConfiguration;
			buildSettings = {
				ALWAYS_EMBED_SWIFT_STANDARD_LIBRARIES = YES;
				CODE_SIGN_STYLE = Automatic;
				INFOPLIST_FILE = FacebookLikeBtnUITests/Info.plist;
				LD_RUNPATH_SEARCH_PATHS = (
					"$(inherited)",
					"@executable_path/Frameworks",
					"@loader_path/Frameworks",
				);
				PRODUCT_BUNDLE_IDENTIFIER = com.fotta.FacebookLikeBtnUITests;
				PRODUCT_NAME = "$(TARGET_NAME)";
				SWIFT_VERSION = 4.0;
				TARGETED_DEVICE_FAMILY = "1,2";
				TEST_TARGET_NAME = FacebookLikeBtn;
			};
			name = Release;
		};
/* End XCBuildConfiguration section */

/* Begin XCConfigurationList section */
		2AF3C2A520F8DCB200ED5DAC /* Build configuration list for PBXProject "FacebookLikeBtn" */ = {
			isa = XCConfigurationList;
			buildConfigurations = (
				2AF3C2D020F8DCB600ED5DAC /* Debug */,
				2AF3C2D120F8DCB600ED5DAC /* Release */,
			);
			defaultConfigurationIsVisible = 0;
			defaultConfigurationName = Release;
		};
		2AF3C2D220F8DCB600ED5DAC /* Build configuration list for PBXNativeTarget "FacebookLikeBtn" */ = {
			isa = XCConfigurationList;
			buildConfigurations = (
				2AF3C2D320F8DCB600ED5DAC /* Debug */,
				2AF3C2D420F8DCB600ED5DAC /* Release */,
			);
			defaultConfigurationIsVisible = 0;
			defaultConfigurationName = Release;
		};
		2AF3C2D520F8DCB600ED5DAC /* Build configuration list for PBXNativeTarget "FacebookLikeBtnTests" */ = {
			isa = XCConfigurationList;
			buildConfigurations = (
				2AF3C2D620F8DCB600ED5DAC /* Debug */,
				2AF3C2D720F8DCB600ED5DAC /* Release */,
			);
			defaultConfigurationIsVisible = 0;
			defaultConfigurationName = Release;
		};
		2AF3C2D820F8DCB600ED5DAC /* Build configuration list for PBXNativeTarget "FacebookLikeBtnUITests" */ = {
			isa = XCConfigurationList;
			buildConfigurations = (
				2AF3C2D920F8DCB600ED5DAC /* Debug */,
				2AF3C2DA20F8DCB600ED5DAC /* Release */,
			);
			defaultConfigurationIsVisible = 0;
			defaultConfigurationName = Release;
		};
/* End XCConfigurationList section */
	};
	rootObject = 2AF3C2A220F8DCB200ED5DAC /* Project object */;
}
